// !$*UTF8*$!
{
	archiveVersion = 1;
	classes = {
	};
	objectVersion = 56;
	objects = {

/* Begin PBXBuildFile section */
		5CD2173B2B2DED4D001D2A54 /* TravelMapApp.swift in Sources */ = {isa = PBXBuildFile; fileRef = 5CD2173A2B2DED4D001D2A54 /* TravelMapApp.swift */; };
		5CD217422B2DED4F001D2A54 /* Preview Assets.xcassets in Resources */ = {isa = PBXBuildFile; fileRef = 5CD217412B2DED4F001D2A54 /* Preview Assets.xcassets */; };
		5CD217492B2DEE51001D2A54 /* Assets.xcassets in Resources */ = {isa = PBXBuildFile; fileRef = 5CD217482B2DEE51001D2A54 /* Assets.xcassets */; };
		5CD2174F2B2DF166001D2A54 /* Location.swift in Sources */ = {isa = PBXBuildFile; fileRef = 5CD2174E2B2DF166001D2A54 /* Location.swift */; };
		5CD217522B2DF492001D2A54 /* LocationsDataService.swift in Sources */ = {isa = PBXBuildFile; fileRef = 5CD217512B2DF492001D2A54 /* LocationsDataService.swift */; };
		5CD217542B2DFA5A001D2A54 /* LocationView.swift in Sources */ = {isa = PBXBuildFile; fileRef = 5CD217532B2DFA5A001D2A54 /* LocationView.swift */; };
		5CD217562B2DFD80001D2A54 /* LocationViewModel.swift in Sources */ = {isa = PBXBuildFile; fileRef = 5CD217552B2DFD80001D2A54 /* LocationViewModel.swift */; };
		5CD217582B2EC067001D2A54 /* LocationListView.swift in Sources */ = {isa = PBXBuildFile; fileRef = 5CD217572B2EC067001D2A54 /* LocationListView.swift */; };
		5CD2175A2B2F4EB1001D2A54 /* LocationPreviewView.swift in Sources */ = {isa = PBXBuildFile; fileRef = 5CD217592B2F4EB1001D2A54 /* LocationPreviewView.swift */; };
		8591DB012B30475E003684E4 /* LocationMapAnnotationView.swift in Sources */ = {isa = PBXBuildFile; fileRef = 8591DB002B30475E003684E4 /* LocationMapAnnotationView.swift */; };
		8591DB032B304CE1003684E4 /* LocationDetailView.swift in Sources */ = {isa = PBXBuildFile; fileRef = 8591DB022B304CE1003684E4 /* LocationDetailView.swift */; };
/* End PBXBuildFile section */

/* Begin PBXFileReference section */
		5CC30D0D2B30881A0011E874 /* Info.plist */ = {isa = PBXFileReference; lastKnownFileType = text.plist; path = Info.plist; sourceTree = "<group>"; };
		5CD217372B2DED4D001D2A54 /* TravelMap.app */ = {isa = PBXFileReference; explicitFileType = wrapper.application; includeInIndex = 0; path = TravelMap.app; sourceTree = BUILT_PRODUCTS_DIR; };
		5CD2173A2B2DED4D001D2A54 /* TravelMapApp.swift */ = {isa = PBXFileReference; lastKnownFileType = sourcecode.swift; path = TravelMapApp.swift; sourceTree = "<group>"; };
		5CD217412B2DED4F001D2A54 /* Preview Assets.xcassets */ = {isa = PBXFileReference; lastKnownFileType = folder.assetcatalog; path = "Preview Assets.xcassets"; sourceTree = "<group>"; };
		5CD217482B2DEE51001D2A54 /* Assets.xcassets */ = {isa = PBXFileReference; lastKnownFileType = folder.assetcatalog; path = Assets.xcassets; sourceTree = "<group>"; };
		5CD2174E2B2DF166001D2A54 /* Location.swift */ = {isa = PBXFileReference; lastKnownFileType = sourcecode.swift; path = Location.swift; sourceTree = "<group>"; };
		5CD217512B2DF492001D2A54 /* LocationsDataService.swift */ = {isa = PBXFileReference; fileEncoding = 4; lastKnownFileType = sourcecode.swift; path = LocationsDataService.swift; sourceTree = "<group>"; };
		5CD217532B2DFA5A001D2A54 /* LocationView.swift */ = {isa = PBXFileReference; lastKnownFileType = sourcecode.swift; path = LocationView.swift; sourceTree = "<group>"; };
		5CD217552B2DFD80001D2A54 /* LocationViewModel.swift */ = {isa = PBXFileReference; lastKnownFileType = sourcecode.swift; path = LocationViewModel.swift; sourceTree = "<group>"; };
		5CD217572B2EC067001D2A54 /* LocationListView.swift */ = {isa = PBXFileReference; lastKnownFileType = sourcecode.swift; path = LocationListView.swift; sourceTree = "<group>"; };
		5CD217592B2F4EB1001D2A54 /* LocationPreviewView.swift */ = {isa = PBXFileReference; lastKnownFileType = sourcecode.swift; path = LocationPreviewView.swift; sourceTree = "<group>"; };
		8591DB002B30475E003684E4 /* LocationMapAnnotationView.swift */ = {isa = PBXFileReference; lastKnownFileType = sourcecode.swift; path = LocationMapAnnotationView.swift; sourceTree = "<group>"; };
		8591DB022B304CE1003684E4 /* LocationDetailView.swift */ = {isa = PBXFileReference; lastKnownFileType = sourcecode.swift; path = LocationDetailView.swift; sourceTree = "<group>"; };
/* End PBXFileReference section */

/* Begin PBXFrameworksBuildPhase section */
		5CD217342B2DED4D001D2A54 /* Frameworks */ = {
			isa = PBXFrameworksBuildPhase;
			buildActionMask = 2147483647;
			files = (
			);
			runOnlyForDeploymentPostprocessing = 0;
		};
/* End PBXFrameworksBuildPhase section */

/* Begin PBXGroup section */
		5CD2172E2B2DED4D001D2A54 = {
			isa = PBXGroup;
			children = (
				5CD217392B2DED4D001D2A54 /* TravelMap */,
				5CD217382B2DED4D001D2A54 /* Products */,
			);
			sourceTree = "<group>";
		};
		5CD217382B2DED4D001D2A54 /* Products */ = {
			isa = PBXGroup;
			children = (
				5CD217372B2DED4D001D2A54 /* TravelMap.app */,
			);
			name = Products;
			sourceTree = "<group>";
		};
		5CD217392B2DED4D001D2A54 /* TravelMap */ = {
			isa = PBXGroup;
			children = (
				5CC30D0D2B30881A0011E874 /* Info.plist */,
				5CD2173A2B2DED4D001D2A54 /* TravelMapApp.swift */,
				5CD217502B2DF445001D2A54 /* DataService */,
				5CD2174A2B2DEF7B001D2A54 /* Models */,
				5CD2174C2B2DF03B001D2A54 /* Views */,
				5CD2174D2B2DF04E001D2A54 /* ViewModels */,
				5CD217482B2DEE51001D2A54 /* Assets.xcassets */,
				5CD217402B2DED4F001D2A54 /* Preview Content */,
			);
			path = TravelMap;
			sourceTree = "<group>";
		};
		5CD217402B2DED4F001D2A54 /* Preview Content */ = {
			isa = PBXGroup;
			children = (
				5CD217412B2DED4F001D2A54 /* Preview Assets.xcassets */,
			);
			path = "Preview Content";
			sourceTree = "<group>";
		};
		5CD2174A2B2DEF7B001D2A54 /* Models */ = {
			isa = PBXGroup;
			children = (
				5CD2174E2B2DF166001D2A54 /* Location.swift */,
			);
			path = Models;
			sourceTree = "<group>";
		};
		5CD2174C2B2DF03B001D2A54 /* Views */ = {
			isa = PBXGroup;
			children = (
				5CD217532B2DFA5A001D2A54 /* LocationView.swift */,
				5CD217572B2EC067001D2A54 /* LocationListView.swift */,
				5CD217592B2F4EB1001D2A54 /* LocationPreviewView.swift */,
				8591DB002B30475E003684E4 /* LocationMapAnnotationView.swift */,
				8591DB022B304CE1003684E4 /* LocationDetailView.swift */,
			);
			name = Views;
			path = "New Group";
			sourceTree = "<group>";
		};
		5CD2174D2B2DF04E001D2A54 /* ViewModels */ = {
			isa = PBXGroup;
			children = (
				5CD217552B2DFD80001D2A54 /* LocationViewModel.swift */,
			);
			path = ViewModels;
			sourceTree = "<group>";
		};
		5CD217502B2DF445001D2A54 /* DataService */ = {
			isa = PBXGroup;
			children = (
				5CD217512B2DF492001D2A54 /* LocationsDataService.swift */,
			);
			path = DataService;
			sourceTree = "<group>";
		};
/* End PBXGroup section */

/* Begin PBXNativeTarget section */
		5CD217362B2DED4D001D2A54 /* TravelMap */ = {
			isa = PBXNativeTarget;
			buildConfigurationList = 5CD217452B2DED4F001D2A54 /* Build configuration list for PBXNativeTarget "TravelMap" */;
			buildPhases = (
				5CD217332B2DED4D001D2A54 /* Sources */,
				5CD217342B2DED4D001D2A54 /* Frameworks */,
				5CD217352B2DED4D001D2A54 /* Resources */,
			);
			buildRules = (
			);
			dependencies = (
			);
			name = TravelMap;
			productName = TravelMap;
			productReference = 5CD217372B2DED4D001D2A54 /* TravelMap.app */;
			productType = "com.apple.product-type.application";
		};
/* End PBXNativeTarget section */

/* Begin PBXProject section */
		5CD2172F2B2DED4D001D2A54 /* Project object */ = {
			isa = PBXProject;
			attributes = {
				BuildIndependentTargetsInParallel = 1;
				LastSwiftUpdateCheck = 1500;
				LastUpgradeCheck = 1500;
				TargetAttributes = {
					5CD217362B2DED4D001D2A54 = {
						CreatedOnToolsVersion = 15.0.1;
					};
				};
			};
			buildConfigurationList = 5CD217322B2DED4D001D2A54 /* Build configuration list for PBXProject "TravelMap" */;
			compatibilityVersion = "Xcode 14.0";
			developmentRegion = en;
			hasScannedForEncodings = 0;
			knownRegions = (
				en,
				Base,
			);
			mainGroup = 5CD2172E2B2DED4D001D2A54;
			productRefGroup = 5CD217382B2DED4D001D2A54 /* Products */;
			projectDirPath = "";
			projectRoot = "";
			targets = (
				5CD217362B2DED4D001D2A54 /* TravelMap */,
			);
		};
/* End PBXProject section */

/* Begin PBXResourcesBuildPhase section */
		5CD217352B2DED4D001D2A54 /* Resources */ = {
			isa = PBXResourcesBuildPhase;
			buildActionMask = 2147483647;
			files = (
				5CD217492B2DEE51001D2A54 /* Assets.xcassets in Resources */,
				5CD217422B2DED4F001D2A54 /* Preview Assets.xcassets in Resources */,
			);
			runOnlyForDeploymentPostprocessing = 0;
		};
/* End PBXResourcesBuildPhase section */

/* Begin PBXSourcesBuildPhase section */
		5CD217332B2DED4D001D2A54 /* Sources */ = {
			isa = PBXSourcesBuildPhase;
			buildActionMask = 2147483647;
			files = (
				5CD217522B2DF492001D2A54 /* LocationsDataService.swift in Sources */,
				5CD217562B2DFD80001D2A54 /* LocationViewModel.swift in Sources */,
				8591DB032B304CE1003684E4 /* LocationDetailView.swift in Sources */,
				5CD217542B2DFA5A001D2A54 /* LocationView.swift in Sources */,
				5CD217582B2EC067001D2A54 /* LocationListView.swift in Sources */,
				5CD2175A2B2F4EB1001D2A54 /* LocationPreviewView.swift in Sources */,
				5CD2174F2B2DF166001D2A54 /* Location.swift in Sources */,
				5CD2173B2B2DED4D001D2A54 /* TravelMapApp.swift in Sources */,
				8591DB012B30475E003684E4 /* LocationMapAnnotationView.swift in Sources */,
			);
			runOnlyForDeploymentPostprocessing = 0;
		};
/* End PBXSourcesBuildPhase section */

/* Begin XCBuildConfiguration section */
		5CD217432B2DED4F001D2A54 /* Debug */ = {
			isa = XCBuildConfiguration;
			buildSettings = {
				ALWAYS_SEARCH_USER_PATHS = NO;
				ASSETCATALOG_COMPILER_GENERATE_SWIFT_ASSET_SYMBOL_EXTENSIONS = YES;
				CLANG_ANALYZER_NONNULL = YES;
				CLANG_ANALYZER_NUMBER_OBJECT_CONVERSION = YES_AGGRESSIVE;
				CLANG_CXX_LANGUAGE_STANDARD = "gnu++20";
				CLANG_ENABLE_MODULES = YES;
				CLANG_ENABLE_OBJC_ARC = YES;
				CLANG_ENABLE_OBJC_WEAK = YES;
				CLANG_WARN_BLOCK_CAPTURE_AUTORELEASING = YES;
				CLANG_WARN_BOOL_CONVERSION = YES;
				CLANG_WARN_COMMA = YES;
				CLANG_WARN_CONSTANT_CONVERSION = YES;
				CLANG_WARN_DEPRECATED_OBJC_IMPLEMENTATIONS = YES;
				CLANG_WARN_DIRECT_OBJC_ISA_USAGE = YES_ERROR;
				CLANG_WARN_DOCUMENTATION_COMMENTS = YES;
				CLANG_WARN_EMPTY_BODY = YES;
				CLANG_WARN_ENUM_CONVERSION = YES;
				CLANG_WARN_INFINITE_RECURSION = YES;
				CLANG_WARN_INT_CONVERSION = YES;
				CLANG_WARN_NON_LITERAL_NULL_CONVERSION = YES;
				CLANG_WARN_OBJC_IMPLICIT_RETAIN_SELF = YES;
				CLANG_WARN_OBJC_LITERAL_CONVERSION = YES;
				CLANG_WARN_OBJC_ROOT_CLASS = YES_ERROR;
				CLANG_WARN_QUOTED_INCLUDE_IN_FRAMEWORK_HEADER = YES;
				CLANG_WARN_RANGE_LOOP_ANALYSIS = YES;
				CLANG_WARN_STRICT_PROTOTYPES = YES;
				CLANG_WARN_SUSPICIOUS_MOVE = YES;
				CLANG_WARN_UNGUARDED_AVAILABILITY = YES_AGGRESSIVE;
				CLANG_WARN_UNREACHABLE_CODE = YES;
				CLANG_WARN__DUPLICATE_METHOD_MATCH = YES;
				COPY_PHASE_STRIP = NO;
				DEBUG_INFORMATION_FORMAT = dwarf;
				ENABLE_STRICT_OBJC_MSGSEND = YES;
				ENABLE_TESTABILITY = YES;
				ENABLE_USER_SCRIPT_SANDBOXING = YES;
				GCC_C_LANGUAGE_STANDARD = gnu17;
				GCC_DYNAMIC_NO_PIC = NO;
				GCC_NO_COMMON_BLOCKS = YES;
				GCC_OPTIMIZATION_LEVEL = 0;
				GCC_PREPROCESSOR_DEFINITIONS = (
					"DEBUG=1",
					"$(inherited)",
				);
				GCC_WARN_64_TO_32_BIT_CONVERSION = YES;
				GCC_WARN_ABOUT_RETURN_TYPE = YES_ERROR;
				GCC_WARN_UNDECLARED_SELECTOR = YES;
				GCC_WARN_UNINITIALIZED_AUTOS = YES_AGGRESSIVE;
				GCC_WARN_UNUSED_FUNCTION = YES;
				GCC_WARN_UNUSED_VARIABLE = YES;
				IPHONEOS_DEPLOYMENT_TARGET = 17.0;
				LOCALIZATION_PREFERS_STRING_CATALOGS = YES;
				MTL_ENABLE_DEBUG_INFO = INCLUDE_SOURCE;
				MTL_FAST_MATH = YES;
				ONLY_ACTIVE_ARCH = YES;
				SDKROOT = iphoneos;
				SWIFT_ACTIVE_COMPILATION_CONDITIONS = "DEBUG $(inherited)";
				SWIFT_OPTIMIZATION_LEVEL = "-Onone";
			};
			name = Debug;
		};
		5CD217442B2DED4F001D2A54 /* Release */ = {
			isa = XCBuildConfiguration;
			buildSettings = {
				ALWAYS_SEARCH_USER_PATHS = NO;
				ASSETCATALOG_COMPILER_GENERATE_SWIFT_ASSET_SYMBOL_EXTENSIONS = YES;
				CLANG_ANALYZER_NONNULL = YES;
				CLANG_ANALYZER_NUMBER_OBJECT_CONVERSION = YES_AGGRESSIVE;
				CLANG_CXX_LANGUAGE_STANDARD = "gnu++20";
				CLANG_ENABLE_MODULES = YES;
				CLANG_ENABLE_OBJC_ARC = YES;
				CLANG_ENABLE_OBJC_WEAK = YES;
				CLANG_WARN_BLOCK_CAPTURE_AUTORELEASING = YES;
				CLANG_WARN_BOOL_CONVERSION = YES;
				CLANG_WARN_COMMA = YES;
				CLANG_WARN_CONSTANT_CONVERSION = YES;
				CLANG_WARN_DEPRECATED_OBJC_IMPLEMENTATIONS = YES;
				CLANG_WARN_DIRECT_OBJC_ISA_USAGE = YES_ERROR;
				CLANG_WARN_DOCUMENTATION_COMMENTS = YES;
				CLANG_WARN_EMPTY_BODY = YES;
				CLANG_WARN_ENUM_CONVERSION = YES;
				CLANG_WARN_INFINITE_RECURSION = YES;
				CLANG_WARN_INT_CONVERSION = YES;
				CLANG_WARN_NON_LITERAL_NULL_CONVERSION = YES;
				CLANG_WARN_OBJC_IMPLICIT_RETAIN_SELF = YES;
				CLANG_WARN_OBJC_LITERAL_CONVERSION = YES;
				CLANG_WARN_OBJC_ROOT_CLASS = YES_ERROR;
				CLANG_WARN_QUOTED_INCLUDE_IN_FRAMEWORK_HEADER = YES;
				CLANG_WARN_RANGE_LOOP_ANALYSIS = YES;
				CLANG_WARN_STRICT_PROTOTYPES = YES;
				CLANG_WARN_SUSPICIOUS_MOVE = YES;
				CLANG_WARN_UNGUARDED_AVAILABILITY = YES_AGGRESSIVE;
				CLANG_WARN_UNREACHABLE_CODE = YES;
				CLANG_WARN__DUPLICATE_METHOD_MATCH = YES;
				COPY_PHASE_STRIP = NO;
				DEBUG_INFORMATION_FORMAT = "dwarf-with-dsym";
				ENABLE_NS_ASSERTIONS = NO;
				ENABLE_STRICT_OBJC_MSGSEND = YES;
				ENABLE_USER_SCRIPT_SANDBOXING = YES;
				GCC_C_LANGUAGE_STANDARD = gnu17;
				GCC_NO_COMMON_BLOCKS = YES;
				GCC_WARN_64_TO_32_BIT_CONVERSION = YES;
				GCC_WARN_ABOUT_RETURN_TYPE = YES_ERROR;
				GCC_WARN_UNDECLARED_SELECTOR = YES;
				GCC_WARN_UNINITIALIZED_AUTOS = YES_AGGRESSIVE;
				GCC_WARN_UNUSED_FUNCTION = YES;
				GCC_WARN_UNUSED_VARIABLE = YES;
				IPHONEOS_DEPLOYMENT_TARGET = 17.0;
				LOCALIZATION_PREFERS_STRING_CATALOGS = YES;
				MTL_ENABLE_DEBUG_INFO = NO;
				MTL_FAST_MATH = YES;
				SDKROOT = iphoneos;
				SWIFT_COMPILATION_MODE = wholemodule;
				VALIDATE_PRODUCT = YES;
			};
			name = Release;
		};
		5CD217462B2DED4F001D2A54 /* Debug */ = {
			isa = XCBuildConfiguration;
			buildSettings = {
				ASSETCATALOG_COMPILER_APPICON_NAME = AppIcon;
				ASSETCATALOG_COMPILER_GLOBAL_ACCENT_COLOR_NAME = AccentColor;
				CODE_SIGN_STYLE = Automatic;
				CURRENT_PROJECT_VERSION = 1;
				DEVELOPMENT_ASSET_PATHS = "\"TravelMap/Preview Content\"";
				DEVELOPMENT_TEAM = 66AJVP7K6A;
				ENABLE_PREVIEWS = YES;
				GENERATE_INFOPLIST_FILE = YES;
				INFOPLIST_FILE = TravelMap/Info.plist;
				INFOPLIST_KEY_UIApplicationSceneManifest_Generation = YES;
				INFOPLIST_KEY_UIApplicationSupportsIndirectInputEvents = YES;
				INFOPLIST_KEY_UILaunchScreen_Generation = YES;
				INFOPLIST_KEY_UISupportedInterfaceOrientations = UIInterfaceOrientationPortrait;
				INFOPLIST_KEY_UISupportedInterfaceOrientations_iPad = "UIInterfaceOrientationLandscapeLeft UIInterfaceOrientationLandscapeRight UIInterfaceOrientationPortrait UIInterfaceOrientationPortraitUpsideDown";
				IPHONEOS_DEPLOYMENT_TARGET = 16.0;
				LD_RUNPATH_SEARCH_PATHS = (
					"$(inherited)",
					"@executable_path/Frameworks",
				);
				MARKETING_VERSION = 1.0;
				PRODUCT_BUNDLE_IDENTIFIER = com.lorenliang.TravelMap;
				PRODUCT_NAME = "$(TARGET_NAME)";
				SWIFT_EMIT_LOC_STRINGS = YES;
				SWIFT_VERSION = 5.0;
				TARGETED_DEVICE_FAMILY = "1,2";
			};
			name = Debug;
		};
		5CD217472B2DED4F001D2A54 /* Release */ = {
			isa = XCBuildConfiguration;
			buildSettings = {
				ASSETCATALOG_COMPILER_APPICON_NAME = AppIcon;
				ASSETCATALOG_COMPILER_GLOBAL_ACCENT_COLOR_NAME = AccentColor;
				CODE_SIGN_STYLE = Automatic;
				CURRENT_PROJECT_VERSION = 1;
				DEVELOPMENT_ASSET_PATHS = "\"TravelMap/Preview Content\"";
				DEVELOPMENT_TEAM = 66AJVP7K6A;
				ENABLE_PREVIEWS = YES;
				GENERATE_INFOPLIST_FILE = YES;
				INFOPLIST_FILE = TravelMap/Info.plist;
				INFOPLIST_KEY_UIApplicationSceneManifest_Generation = YES;
				INFOPLIST_KEY_UIApplicationSupportsIndirectInputEvents = YES;
				INFOPLIST_KEY_UILaunchScreen_Generation = YES;
				INFOPLIST_KEY_UISupportedInterfaceOrientations = UIInterfaceOrientationPortrait;
				INFOPLIST_KEY_UISupportedInterfaceOrientations_iPad = "UIInterfaceOrientationLandscapeLeft UIInterfaceOrientationLandscapeRight UIInterfaceOrientationPortrait UIInterfaceOrientationPortraitUpsideDown";
				IPHONEOS_DEPLOYMENT_TARGET = 16.0;
				LD_RUNPATH_SEARCH_PATHS = (
					"$(inherited)",
					"@executable_path/Frameworks",
				);
				MARKETING_VERSION = 1.0;
				PRODUCT_BUNDLE_IDENTIFIER = com.lorenliang.TravelMap;
				PRODUCT_NAME = "$(TARGET_NAME)";
				SWIFT_EMIT_LOC_STRINGS = YES;
				SWIFT_VERSION = 5.0;
				TARGETED_DEVICE_FAMILY = "1,2";
			};
			name = Release;
		};
/* End XCBuildConfiguration section */

/* Begin XCConfigurationList section */
		5CD217322B2DED4D001D2A54 /* Build configuration list for PBXProject "TravelMap" */ = {
			isa = XCConfigurationList;
			buildConfigurations = (
				5CD217432B2DED4F001D2A54 /* Debug */,
				5CD217442B2DED4F001D2A54 /* Release */,
			);
			defaultConfigurationIsVisible = 0;
			defaultConfigurationName = Release;
		};
		5CD217452B2DED4F001D2A54 /* Build configuration list for PBXNativeTarget "TravelMap" */ = {
			isa = XCConfigurationList;
			buildConfigurations = (
				5CD217462B2DED4F001D2A54 /* Debug */,
				5CD217472B2DED4F001D2A54 /* Release */,
			);
			defaultConfigurationIsVisible = 0;
			defaultConfigurationName = Release;
		};
/* End XCConfigurationList section */
	};
	rootObject = 5CD2172F2B2DED4D001D2A54 /* Project object */;
}
